
Microsoft Visual Studio Solution File, Format Version 12.00
# Visual Studio Version 16
VisualStudioVersion = 16.0.29613.14
MinimumVisualStudioVersion = 10.0.40219.1
Project("{FAE04EC0-301F-11D3-BF4B-00C04F79EFBC}") = "MSFT", "MSFT.csproj", "{73E79BB4-9B70-43C4-A3E4-C473C1427FB0}"
EndProject
Global
	GlobalSection(SolutionConfigurationPlatforms) = preSolution
		Debug|Any CPU = Debug|Any CPU
		Release|Any CPU = Release|Any CPU
	EndGlobalSection
	GlobalSection(ProjectConfigurationPlatforms) = postSolution
		{73E79BB4-9B70-43C4-A3E4-C473C1427FB0}.Debug|Any CPU.ActiveCfg = Debug|Any CPU
		{73E79BB4-9B70-43C4-A3E4-C473C1427FB0}.Debug|Any CPU.Build.0 = Debug|Any CPU
		{73E79BB4-9B70-43C4-A3E4-C473C1427FB0}.Release|Any CPU.ActiveCfg = Release|Any CPU
		{73E79BB4-9B70-43C4-A3E4-C473C1427FB0}.Release|Any CPU.Build.0 = Release|Any CPU
	EndGlobalSection
	GlobalSection(SolutionProperties) = preSolution
		HideSolutionNode = FALSE
	EndGlobalSection
	GlobalSection(ExtensibilityGlobals) = postSolution
		SolutionGuid = {3874746B-2518-4E78-A756-683D5A6F3F08}
	EndGlobalSection
EndGlobal
